// !$*UTF8*$!
{
	archiveVersion = 1;
	classes = {
	};
	objectVersion = 46;
	objects = {

/* Begin PBXBuildFile section */
		F91D39951A84530B0029DA85 /* Type.swift in Sources */ = {isa = PBXBuildFile; fileRef = F91D39941A84530B0029DA85 /* Type.swift */; };
		F91D39971A8453570029DA85 /* Status.swift in Sources */ = {isa = PBXBuildFile; fileRef = F91D39961A8453570029DA85 /* Status.swift */; };
		F91D39991A845D690029DA85 /* Party.swift in Sources */ = {isa = PBXBuildFile; fileRef = F91D39981A845D690029DA85 /* Party.swift */; };
		F91D399B1A84602B0029DA85 /* Item.swift in Sources */ = {isa = PBXBuildFile; fileRef = F91D399A1A84602B0029DA85 /* Item.swift */; };
		F923AF281A9EBBE200291652 /* Battle.swift in Sources */ = {isa = PBXBuildFile; fileRef = F923AF271A9EBBE200291652 /* Battle.swift */; };
		F92FF0CE1A842B2E0027EAA1 /* Character.swift in Sources */ = {isa = PBXBuildFile; fileRef = F92FF0CD1A842B2E0027EAA1 /* Character.swift */; };
		F9893BA11A942A4000A02F64 /* Team.swift in Sources */ = {isa = PBXBuildFile; fileRef = F9893BA01A942A4000A02F64 /* Team.swift */; };
		F99784701A842A97003D0E02 /* main.swift in Sources */ = {isa = PBXBuildFile; fileRef = F997846F1A842A97003D0E02 /* main.swift */; };
		F9C2F5BC1AA2305B00A7962F /* Intelligence.swift in Sources */ = {isa = PBXBuildFile; fileRef = F9C2F5BB1AA2305B00A7962F /* Intelligence.swift */; };
		F9C2F5C01AA3FA1400A7962F /* Job.swift in Sources */ = {isa = PBXBuildFile; fileRef = F9C2F5BF1AA3FA1400A7962F /* Job.swift */; };
		F9C6EB9D1AAD30D5003D44D3 /* Utility.swift in Sources */ = {isa = PBXBuildFile; fileRef = F9C6EB9C1AAD30D5003D44D3 /* Utility.swift */; };
		F9C6EBA01AAFC09E003D44D3 /* DumbArtificialIntelligence.swift in Sources */ = {isa = PBXBuildFile; fileRef = F9C6EB9F1AAFC09E003D44D3 /* DumbArtificialIntelligence.swift */; };
		F9DE6E401A844A8D00922725 /* Attack.swift in Sources */ = {isa = PBXBuildFile; fileRef = F9DE6E3F1A844A8D00922725 /* Attack.swift */; };
/* End PBXBuildFile section */

/* Begin PBXCopyFilesBuildPhase section */
		F997846A1A842A97003D0E02 /* CopyFiles */ = {
			isa = PBXCopyFilesBuildPhase;
			buildActionMask = 2147483647;
			dstPath = /usr/share/man/man1/;
			dstSubfolderSpec = 0;
			files = (
			);
			runOnlyForDeploymentPostprocessing = 1;
		};
/* End PBXCopyFilesBuildPhase section */

/* Begin PBXFileReference section */
		F91D39941A84530B0029DA85 /* Type.swift */ = {isa = PBXFileReference; fileEncoding = 4; lastKnownFileType = sourcecode.swift; path = Type.swift; sourceTree = "<group>"; };
		F91D39961A8453570029DA85 /* Status.swift */ = {isa = PBXFileReference; fileEncoding = 4; lastKnownFileType = sourcecode.swift; path = Status.swift; sourceTree = "<group>"; };
		F91D39981A845D690029DA85 /* Party.swift */ = {isa = PBXFileReference; fileEncoding = 4; lastKnownFileType = sourcecode.swift; path = Party.swift; sourceTree = "<group>"; };
		F91D399A1A84602B0029DA85 /* Item.swift */ = {isa = PBXFileReference; fileEncoding = 4; lastKnownFileType = sourcecode.swift; path = Item.swift; sourceTree = "<group>"; };
		F923AF271A9EBBE200291652 /* Battle.swift */ = {isa = PBXFileReference; fileEncoding = 4; lastKnownFileType = sourcecode.swift; path = Battle.swift; sourceTree = "<group>"; };
		F92FF0CD1A842B2E0027EAA1 /* Character.swift */ = {isa = PBXFileReference; fileEncoding = 4; lastKnownFileType = sourcecode.swift; path = Character.swift; sourceTree = "<group>"; };
		F9893BA01A942A4000A02F64 /* Team.swift */ = {isa = PBXFileReference; fileEncoding = 4; lastKnownFileType = sourcecode.swift; path = Team.swift; sourceTree = "<group>"; };
		F997846C1A842A97003D0E02 /* macguffin */ = {isa = PBXFileReference; explicitFileType = "compiled.mach-o.executable"; includeInIndex = 0; path = macguffin; sourceTree = BUILT_PRODUCTS_DIR; };
		F997846F1A842A97003D0E02 /* main.swift */ = {isa = PBXFileReference; lastKnownFileType = sourcecode.swift; path = main.swift; sourceTree = "<group>"; };
		F9C2F5BB1AA2305B00A7962F /* Intelligence.swift */ = {isa = PBXFileReference; fileEncoding = 4; lastKnownFileType = sourcecode.swift; path = Intelligence.swift; sourceTree = "<group>"; };
		F9C2F5BF1AA3FA1400A7962F /* Job.swift */ = {isa = PBXFileReference; fileEncoding = 4; lastKnownFileType = sourcecode.swift; path = Job.swift; sourceTree = "<group>"; };
		F9C6EB9C1AAD30D5003D44D3 /* Utility.swift */ = {isa = PBXFileReference; fileEncoding = 4; lastKnownFileType = sourcecode.swift; path = Utility.swift; sourceTree = "<group>"; };
		F9C6EB9F1AAFC09E003D44D3 /* DumbArtificialIntelligence.swift */ = {isa = PBXFileReference; fileEncoding = 4; lastKnownFileType = sourcecode.swift; path = DumbArtificialIntelligence.swift; sourceTree = "<group>"; };
		F9DE6E3F1A844A8D00922725 /* Attack.swift */ = {isa = PBXFileReference; fileEncoding = 4; lastKnownFileType = sourcecode.swift; path = Attack.swift; sourceTree = "<group>"; };
/* End PBXFileReference section */

/* Begin PBXFrameworksBuildPhase section */
		F99784691A842A97003D0E02 /* Frameworks */ = {
			isa = PBXFrameworksBuildPhase;
			buildActionMask = 2147483647;
			files = (
			);
			runOnlyForDeploymentPostprocessing = 0;
		};
/* End PBXFrameworksBuildPhase section */

/* Begin PBXGroup section */
		F99784631A842A97003D0E02 = {
			isa = PBXGroup;
			children = (
				F997846E1A842A97003D0E02 /* macguffin */,
				F997846D1A842A97003D0E02 /* Products */,
			);
			sourceTree = "<group>";
		};
		F997846D1A842A97003D0E02 /* Products */ = {
			isa = PBXGroup;
			children = (
				F997846C1A842A97003D0E02 /* macguffin */,
			);
			name = Products;
			sourceTree = "<group>";
		};
		F997846E1A842A97003D0E02 /* macguffin */ = {
			isa = PBXGroup;
			children = (
				F9C6EB9E1AAFC057003D44D3 /* Engine */,
				F997846F1A842A97003D0E02 /* main.swift */,
			);
			path = macguffin;
			sourceTree = "<group>";
		};
		F9C6EB9E1AAFC057003D44D3 /* Engine */ = {
			isa = PBXGroup;
			children = (
				F92FF0CD1A842B2E0027EAA1 /* Character.swift */,
				F9DE6E3F1A844A8D00922725 /* Attack.swift */,
				F91D39941A84530B0029DA85 /* Type.swift */,
				F91D39961A8453570029DA85 /* Status.swift */,
				F91D39981A845D690029DA85 /* Party.swift */,
				F91D399A1A84602B0029DA85 /* Item.swift */,
				F9893BA01A942A4000A02F64 /* Team.swift */,
				F923AF271A9EBBE200291652 /* Battle.swift */,
				F9C2F5BB1AA2305B00A7962F /* Intelligence.swift */,
				F9C2F5BF1AA3FA1400A7962F /* Job.swift */,
				F9C6EB9C1AAD30D5003D44D3 /* Utility.swift */,
				F9C6EB9F1AAFC09E003D44D3 /* DumbArtificialIntelligence.swift */,
			);
			name = Engine;
			sourceTree = "<group>";
		};
/* End PBXGroup section */

/* Begin PBXNativeTarget section */
		F997846B1A842A97003D0E02 /* macguffin */ = {
			isa = PBXNativeTarget;
			buildConfigurationList = F99784731A842A97003D0E02 /* Build configuration list for PBXNativeTarget "macguffin" */;
			buildPhases = (
				F99784681A842A97003D0E02 /* Sources */,
				F99784691A842A97003D0E02 /* Frameworks */,
				F997846A1A842A97003D0E02 /* CopyFiles */,
			);
			buildRules = (
			);
			dependencies = (
			);
			name = macguffin;
			productName = macguffin;
			productReference = F997846C1A842A97003D0E02 /* macguffin */;
			productType = "com.apple.product-type.tool";
		};
/* End PBXNativeTarget section */

/* Begin PBXProject section */
		F99784641A842A97003D0E02 /* Project object */ = {
			isa = PBXProject;
			attributes = {
				LastSwiftUpdateCheck = 0700;
				LastUpgradeCheck = 0700;
				ORGANIZATIONNAME = "Evan Hildreth";
				TargetAttributes = {
					F997846B1A842A97003D0E02 = {
						CreatedOnToolsVersion = 6.1.1;
						LastSwiftMigration = 0830;
					};
				};
			};
			buildConfigurationList = F99784671A842A97003D0E02 /* Build configuration list for PBXProject "macguffin" */;
			compatibilityVersion = "Xcode 3.2";
			developmentRegion = English;
			hasScannedForEncodings = 0;
			knownRegions = (
				en,
			);
			mainGroup = F99784631A842A97003D0E02;
			productRefGroup = F997846D1A842A97003D0E02 /* Products */;
			projectDirPath = "";
			projectRoot = "";
			targets = (
				F997846B1A842A97003D0E02 /* macguffin */,
			);
		};
/* End PBXProject section */

/* Begin PBXSourcesBuildPhase section */
		F99784681A842A97003D0E02 /* Sources */ = {
			isa = PBXSourcesBuildPhase;
			buildActionMask = 2147483647;
			files = (
				F9C6EB9D1AAD30D5003D44D3 /* Utility.swift in Sources */,
				F91D39991A845D690029DA85 /* Party.swift in Sources */,
				F99784701A842A97003D0E02 /* main.swift in Sources */,
				F91D39971A8453570029DA85 /* Status.swift in Sources */,
				F92FF0CE1A842B2E0027EAA1 /* Character.swift in Sources */,
				F9893BA11A942A4000A02F64 /* Team.swift in Sources */,
				F91D399B1A84602B0029DA85 /* Item.swift in Sources */,
				F9C2F5C01AA3FA1400A7962F /* Job.swift in Sources */,
				F9DE6E401A844A8D00922725 /* Attack.swift in Sources */,
				F91D39951A84530B0029DA85 /* Type.swift in Sources */,
				F9C2F5BC1AA2305B00A7962F /* Intelligence.swift in Sources */,
				F923AF281A9EBBE200291652 /* Battle.swift in Sources */,
				F9C6EBA01AAFC09E003D44D3 /* DumbArtificialIntelligence.swift in Sources */,
			);
			runOnlyForDeploymentPostprocessing = 0;
		};
/* End PBXSourcesBuildPhase section */

/* Begin XCBuildConfiguration section */
		F99784711A842A97003D0E02 /* Debug */ = {
			isa = XCBuildConfiguration;
			buildSettings = {
				ALWAYS_SEARCH_USER_PATHS = NO;
				CLANG_CXX_LANGUAGE_STANDARD = "gnu++0x";
				CLANG_CXX_LIBRARY = "libc++";
				CLANG_ENABLE_MODULES = YES;
				CLANG_ENABLE_OBJC_ARC = YES;
				CLANG_WARN_BOOL_CONVERSION = YES;
				CLANG_WARN_CONSTANT_CONVERSION = YES;
				CLANG_WARN_DIRECT_OBJC_ISA_USAGE = YES_ERROR;
				CLANG_WARN_EMPTY_BODY = YES;
				CLANG_WARN_ENUM_CONVERSION = YES;
				CLANG_WARN_INT_CONVERSION = YES;
				CLANG_WARN_OBJC_ROOT_CLASS = YES_ERROR;
				CLANG_WARN_UNREACHABLE_CODE = YES;
				CLANG_WARN__DUPLICATE_METHOD_MATCH = YES;
				COPY_PHASE_STRIP = NO;
				ENABLE_STRICT_OBJC_MSGSEND = YES;
				ENABLE_TESTABILITY = YES;
				GCC_C_LANGUAGE_STANDARD = gnu99;
				GCC_DYNAMIC_NO_PIC = NO;
				GCC_OPTIMIZATION_LEVEL = 0;
				GCC_PREPROCESSOR_DEFINITIONS = (
					"DEBUG=1",
					"$(inherited)",
				);
				GCC_SYMBOLS_PRIVATE_EXTERN = NO;
				GCC_WARN_64_TO_32_BIT_CONVERSION = YES;
				GCC_WARN_ABOUT_RETURN_TYPE = YES_ERROR;
				GCC_WARN_UNDECLARED_SELECTOR = YES;
				GCC_WARN_UNINITIALIZED_AUTOS = YES_AGGRESSIVE;
				GCC_WARN_UNUSED_FUNCTION = YES;
				GCC_WARN_UNUSED_VARIABLE = YES;
				MACOSX_DEPLOYMENT_TARGET = 10.10;
				MTL_ENABLE_DEBUG_INFO = YES;
				ONLY_ACTIVE_ARCH = YES;
				SDKROOT = macosx;
				SWIFT_OPTIMIZATION_LEVEL = "-Onone";
			};
			name = Debug;
		};
		F99784721A842A97003D0E02 /* Release */ = {
			isa = XCBuildConfiguration;
			buildSettings = {
				ALWAYS_SEARCH_USER_PATHS = NO;
				CLANG_CXX_LANGUAGE_STANDARD = "gnu++0x";
				CLANG_CXX_LIBRARY = "libc++";
				CLANG_ENABLE_MODULES = YES;
				CLANG_ENABLE_OBJC_ARC = YES;
				CLANG_WARN_BOOL_CONVERSION = YES;
				CLANG_WARN_CONSTANT_CONVERSION = YES;
				CLANG_WARN_DIRECT_OBJC_ISA_USAGE = YES_ERROR;
				CLANG_WARN_EMPTY_BODY = YES;
				CLANG_WARN_ENUM_CONVERSION = YES;
				CLANG_WARN_INT_CONVERSION = YES;
				CLANG_WARN_OBJC_ROOT_CLASS = YES_ERROR;
				CLANG_WARN_UNREACHABLE_CODE = YES;
				CLANG_WARN__DUPLICATE_METHOD_MATCH = YES;
				COPY_PHASE_STRIP = YES;
				DEBUG_INFORMATION_FORMAT = "dwarf-with-dsym";
				ENABLE_NS_ASSERTIONS = NO;
				ENABLE_STRICT_OBJC_MSGSEND = YES;
				GCC_C_LANGUAGE_STANDARD = gnu99;
				GCC_WARN_64_TO_32_BIT_CONVERSION = YES;
				GCC_WARN_ABOUT_RETURN_TYPE = YES_ERROR;
				GCC_WARN_UNDECLARED_SELECTOR = YES;
				GCC_WARN_UNINITIALIZED_AUTOS = YES_AGGRESSIVE;
				GCC_WARN_UNUSED_FUNCTION = YES;
				GCC_WARN_UNUSED_VARIABLE = YES;
				MACOSX_DEPLOYMENT_TARGET = 10.10;
				MTL_ENABLE_DEBUG_INFO = NO;
				SDKROOT = macosx;
			};
			name = Release;
		};
		F99784741A842A97003D0E02 /* Debug */ = {
			isa = XCBuildConfiguration;
			buildSettings = {
				PRODUCT_NAME = "$(TARGET_NAME)";
				SWIFT_VERSION = 3.0;
			};
			name = Debug;
		};
		F99784751A842A97003D0E02 /* Release */ = {
			isa = XCBuildConfiguration;
			buildSettings = {
				PRODUCT_NAME = "$(TARGET_NAME)";
				SWIFT_VERSION = 3.0;
			};
			name = Release;
		};
/* End XCBuildConfiguration section */

/* Begin XCConfigurationList section */
		F99784671A842A97003D0E02 /* Build configuration list for PBXProject "macguffin" */ = {
			isa = XCConfigurationList;
			buildConfigurations = (
				F99784711A842A97003D0E02 /* Debug */,
				F99784721A842A97003D0E02 /* Release */,
			);
			defaultConfigurationIsVisible = 0;
			defaultConfigurationName = Release;
		};
		F99784731A842A97003D0E02 /* Build configuration list for PBXNativeTarget "macguffin" */ = {
			isa = XCConfigurationList;
			buildConfigurations = (
				F99784741A842A97003D0E02 /* Debug */,
				F99784751A842A97003D0E02 /* Release */,
			);
			defaultConfigurationIsVisible = 0;
			defaultConfigurationName = Release;
		};
/* End XCConfigurationList section */
	};
	rootObject = F99784641A842A97003D0E02 /* Project object */;
}
