// !$*UTF8*$!
{
	archiveVersion = 1;
	classes = {
	};
	objectVersion = 46;
	objects = {

/* Begin PBXBuildFile section */
		F9F13CF71A82F766001EF80D /* AppDelegate.swift in Sources */ = {isa = PBXBuildFile; fileRef = F9F13CF61A82F766001EF80D /* AppDelegate.swift */; };
		F9F13CF91A82F766001EF80D /* GameScene.sks in Resources */ = {isa = PBXBuildFile; fileRef = F9F13CF81A82F766001EF80D /* GameScene.sks */; };
		F9F13CFB1A82F766001EF80D /* GameScene.swift in Sources */ = {isa = PBXBuildFile; fileRef = F9F13CFA1A82F766001EF80D /* GameScene.swift */; };
		F9F13CFD1A82F766001EF80D /* GameViewController.swift in Sources */ = {isa = PBXBuildFile; fileRef = F9F13CFC1A82F766001EF80D /* GameViewController.swift */; };
		F9F13D001A82F766001EF80D /* Main.storyboard in Resources */ = {isa = PBXBuildFile; fileRef = F9F13CFE1A82F766001EF80D /* Main.storyboard */; };
		F9F13D021A82F766001EF80D /* Images.xcassets in Resources */ = {isa = PBXBuildFile; fileRef = F9F13D011A82F766001EF80D /* Images.xcassets */; };
		F9F13D051A82F766001EF80D /* LaunchScreen.xib in Resources */ = {isa = PBXBuildFile; fileRef = F9F13D031A82F766001EF80D /* LaunchScreen.xib */; };
		F9F13D111A82F767001EF80D /* macguffinTests.swift in Sources */ = {isa = PBXBuildFile; fileRef = F9F13D101A82F767001EF80D /* macguffinTests.swift */; };
		F9F13D1B1A82FE9D001EF80D /* Character.swift in Sources */ = {isa = PBXBuildFile; fileRef = F9F13D1A1A82FE9D001EF80D /* Character.swift */; };
/* End PBXBuildFile section */

/* Begin PBXContainerItemProxy section */
		F9F13D0B1A82F767001EF80D /* PBXContainerItemProxy */ = {
			isa = PBXContainerItemProxy;
			containerPortal = F9F13CE91A82F766001EF80D /* Project object */;
			proxyType = 1;
			remoteGlobalIDString = F9F13CF01A82F766001EF80D;
			remoteInfo = macguffin;
		};
/* End PBXContainerItemProxy section */

/* Begin PBXFileReference section */
		F9F13CF11A82F766001EF80D /* macguffin.app */ = {isa = PBXFileReference; explicitFileType = wrapper.application; includeInIndex = 0; path = macguffin.app; sourceTree = BUILT_PRODUCTS_DIR; };
		F9F13CF51A82F766001EF80D /* Info.plist */ = {isa = PBXFileReference; lastKnownFileType = text.plist.xml; path = Info.plist; sourceTree = "<group>"; };
		F9F13CF61A82F766001EF80D /* AppDelegate.swift */ = {isa = PBXFileReference; lastKnownFileType = sourcecode.swift; path = AppDelegate.swift; sourceTree = "<group>"; };
		F9F13CF81A82F766001EF80D /* GameScene.sks */ = {isa = PBXFileReference; lastKnownFileType = file.sks; path = GameScene.sks; sourceTree = "<group>"; };
		F9F13CFA1A82F766001EF80D /* GameScene.swift */ = {isa = PBXFileReference; lastKnownFileType = sourcecode.swift; path = GameScene.swift; sourceTree = "<group>"; };
		F9F13CFC1A82F766001EF80D /* GameViewController.swift */ = {isa = PBXFileReference; lastKnownFileType = sourcecode.swift; path = GameViewController.swift; sourceTree = "<group>"; };
		F9F13CFF1A82F766001EF80D /* Base */ = {isa = PBXFileReference; lastKnownFileType = file.storyboard; name = Base; path = Base.lproj/Main.storyboard; sourceTree = "<group>"; };
		F9F13D011A82F766001EF80D /* Images.xcassets */ = {isa = PBXFileReference; lastKnownFileType = folder.assetcatalog; path = Images.xcassets; sourceTree = "<group>"; };
		F9F13D041A82F766001EF80D /* Base */ = {isa = PBXFileReference; lastKnownFileType = file.xib; name = Base; path = Base.lproj/LaunchScreen.xib; sourceTree = "<group>"; };
		F9F13D0A1A82F767001EF80D /* macguffinTests.xctest */ = {isa = PBXFileReference; explicitFileType = wrapper.cfbundle; includeInIndex = 0; path = macguffinTests.xctest; sourceTree = BUILT_PRODUCTS_DIR; };
		F9F13D0F1A82F767001EF80D /* Info.plist */ = {isa = PBXFileReference; lastKnownFileType = text.plist.xml; path = Info.plist; sourceTree = "<group>"; };
		F9F13D101A82F767001EF80D /* macguffinTests.swift */ = {isa = PBXFileReference; lastKnownFileType = sourcecode.swift; path = macguffinTests.swift; sourceTree = "<group>"; };
		F9F13D1A1A82FE9D001EF80D /* Character.swift */ = {isa = PBXFileReference; fileEncoding = 4; lastKnownFileType = sourcecode.swift; path = Character.swift; sourceTree = "<group>"; };
/* End PBXFileReference section */

/* Begin PBXFrameworksBuildPhase section */
		F9F13CEE1A82F766001EF80D /* Frameworks */ = {
			isa = PBXFrameworksBuildPhase;
			buildActionMask = 2147483647;
			files = (
			);
			runOnlyForDeploymentPostprocessing = 0;
		};
		F9F13D071A82F767001EF80D /* Frameworks */ = {
			isa = PBXFrameworksBuildPhase;
			buildActionMask = 2147483647;
			files = (
			);
			runOnlyForDeploymentPostprocessing = 0;
		};
/* End PBXFrameworksBuildPhase section */

/* Begin PBXGroup section */
		F9F13CE81A82F766001EF80D = {
			isa = PBXGroup;
			children = (
				F9F13CF31A82F766001EF80D /* macguffin */,
				F9F13D0D1A82F767001EF80D /* macguffinTests */,
				F9F13CF21A82F766001EF80D /* Products */,
			);
			sourceTree = "<group>";
		};
		F9F13CF21A82F766001EF80D /* Products */ = {
			isa = PBXGroup;
			children = (
				F9F13CF11A82F766001EF80D /* macguffin.app */,
				F9F13D0A1A82F767001EF80D /* macguffinTests.xctest */,
			);
			name = Products;
			sourceTree = "<group>";
		};
		F9F13CF31A82F766001EF80D /* macguffin */ = {
			isa = PBXGroup;
			children = (
				F9F13CF61A82F766001EF80D /* AppDelegate.swift */,
				F9F13CF81A82F766001EF80D /* GameScene.sks */,
				F9F13CFA1A82F766001EF80D /* GameScene.swift */,
				F9F13CFC1A82F766001EF80D /* GameViewController.swift */,
				F9F13CFE1A82F766001EF80D /* Main.storyboard */,
				F9F13D011A82F766001EF80D /* Images.xcassets */,
				F9F13D031A82F766001EF80D /* LaunchScreen.xib */,
				F9F13CF41A82F766001EF80D /* Supporting Files */,
				F9F13D1A1A82FE9D001EF80D /* Character.swift */,
			);
			path = macguffin;
			sourceTree = "<group>";
		};
		F9F13CF41A82F766001EF80D /* Supporting Files */ = {
			isa = PBXGroup;
			children = (
				F9F13CF51A82F766001EF80D /* Info.plist */,
			);
			name = "Supporting Files";
			sourceTree = "<group>";
		};
		F9F13D0D1A82F767001EF80D /* macguffinTests */ = {
			isa = PBXGroup;
			children = (
				F9F13D101A82F767001EF80D /* macguffinTests.swift */,
				F9F13D0E1A82F767001EF80D /* Supporting Files */,
			);
			path = macguffinTests;
			sourceTree = "<group>";
		};
		F9F13D0E1A82F767001EF80D /* Supporting Files */ = {
			isa = PBXGroup;
			children = (
				F9F13D0F1A82F767001EF80D /* Info.plist */,
			);
			name = "Supporting Files";
			sourceTree = "<group>";
		};
/* End PBXGroup section */

/* Begin PBXNativeTarget section */
		F9F13CF01A82F766001EF80D /* macguffin */ = {
			isa = PBXNativeTarget;
			buildConfigurationList = F9F13D141A82F767001EF80D /* Build configuration list for PBXNativeTarget "macguffin" */;
			buildPhases = (
				F9F13CED1A82F766001EF80D /* Sources */,
				F9F13CEE1A82F766001EF80D /* Frameworks */,
				F9F13CEF1A82F766001EF80D /* Resources */,
			);
			buildRules = (
			);
			dependencies = (
			);
			name = macguffin;
			productName = macguffin;
			productReference = F9F13CF11A82F766001EF80D /* macguffin.app */;
			productType = "com.apple.product-type.application";
		};
		F9F13D091A82F767001EF80D /* macguffinTests */ = {
			isa = PBXNativeTarget;
			buildConfigurationList = F9F13D171A82F767001EF80D /* Build configuration list for PBXNativeTarget "macguffinTests" */;
			buildPhases = (
				F9F13D061A82F767001EF80D /* Sources */,
				F9F13D071A82F767001EF80D /* Frameworks */,
				F9F13D081A82F767001EF80D /* Resources */,
			);
			buildRules = (
			);
			dependencies = (
				F9F13D0C1A82F767001EF80D /* PBXTargetDependency */,
			);
			name = macguffinTests;
			productName = macguffinTests;
			productReference = F9F13D0A1A82F767001EF80D /* macguffinTests.xctest */;
			productType = "com.apple.product-type.bundle.unit-test";
		};
/* End PBXNativeTarget section */

/* Begin PBXProject section */
		F9F13CE91A82F766001EF80D /* Project object */ = {
			isa = PBXProject;
			attributes = {
				LastUpgradeCheck = 0610;
				ORGANIZATIONNAME = "Evan Hildreth";
				TargetAttributes = {
					F9F13CF01A82F766001EF80D = {
						CreatedOnToolsVersion = 6.1.1;
						DevelopmentTeam = RTJ4LC9RNQ;
					};
					F9F13D091A82F767001EF80D = {
						CreatedOnToolsVersion = 6.1.1;
						TestTargetID = F9F13CF01A82F766001EF80D;
					};
				};
			};
			buildConfigurationList = F9F13CEC1A82F766001EF80D /* Build configuration list for PBXProject "macguffin" */;
			compatibilityVersion = "Xcode 3.2";
			developmentRegion = English;
			hasScannedForEncodings = 0;
			knownRegions = (
				en,
				Base,
			);
			mainGroup = F9F13CE81A82F766001EF80D;
			productRefGroup = F9F13CF21A82F766001EF80D /* Products */;
			projectDirPath = "";
			projectRoot = "";
			targets = (
				F9F13CF01A82F766001EF80D /* macguffin */,
				F9F13D091A82F767001EF80D /* macguffinTests */,
			);
		};
/* End PBXProject section */

/* Begin PBXResourcesBuildPhase section */
		F9F13CEF1A82F766001EF80D /* Resources */ = {
			isa = PBXResourcesBuildPhase;
			buildActionMask = 2147483647;
			files = (
				F9F13D051A82F766001EF80D /* LaunchScreen.xib in Resources */,
				F9F13D021A82F766001EF80D /* Images.xcassets in Resources */,
				F9F13CF91A82F766001EF80D /* GameScene.sks in Resources */,
				F9F13D001A82F766001EF80D /* Main.storyboard in Resources */,
			);
			runOnlyForDeploymentPostprocessing = 0;
		};
		F9F13D081A82F767001EF80D /* Resources */ = {
			isa = PBXResourcesBuildPhase;
			buildActionMask = 2147483647;
			files = (
			);
			runOnlyForDeploymentPostprocessing = 0;
		};
/* End PBXResourcesBuildPhase section */

/* Begin PBXSourcesBuildPhase section */
		F9F13CED1A82F766001EF80D /* Sources */ = {
			isa = PBXSourcesBuildPhase;
			buildActionMask = 2147483647;
			files = (
				F9F13CFB1A82F766001EF80D /* GameScene.swift in Sources */,
				F9F13CFD1A82F766001EF80D /* GameViewController.swift in Sources */,
				F9F13CF71A82F766001EF80D /* AppDelegate.swift in Sources */,
				F9F13D1B1A82FE9D001EF80D /* Character.swift in Sources */,
			);
			runOnlyForDeploymentPostprocessing = 0;
		};
		F9F13D061A82F767001EF80D /* Sources */ = {
			isa = PBXSourcesBuildPhase;
			buildActionMask = 2147483647;
			files = (
				F9F13D111A82F767001EF80D /* macguffinTests.swift in Sources */,
			);
			runOnlyForDeploymentPostprocessing = 0;
		};
/* End PBXSourcesBuildPhase section */

/* Begin PBXTargetDependency section */
		F9F13D0C1A82F767001EF80D /* PBXTargetDependency */ = {
			isa = PBXTargetDependency;
			target = F9F13CF01A82F766001EF80D /* macguffin */;
			targetProxy = F9F13D0B1A82F767001EF80D /* PBXContainerItemProxy */;
		};
/* End PBXTargetDependency section */

/* Begin PBXVariantGroup section */
		F9F13CFE1A82F766001EF80D /* Main.storyboard */ = {
			isa = PBXVariantGroup;
			children = (
				F9F13CFF1A82F766001EF80D /* Base */,
			);
			name = Main.storyboard;
			sourceTree = "<group>";
		};
		F9F13D031A82F766001EF80D /* LaunchScreen.xib */ = {
			isa = PBXVariantGroup;
			children = (
				F9F13D041A82F766001EF80D /* Base */,
			);
			name = LaunchScreen.xib;
			sourceTree = "<group>";
		};
/* End PBXVariantGroup section */

/* Begin XCBuildConfiguration section */
		F9F13D121A82F767001EF80D /* Debug */ = {
			isa = XCBuildConfiguration;
			buildSettings = {
				ALWAYS_SEARCH_USER_PATHS = NO;
				CLANG_CXX_LANGUAGE_STANDARD = "gnu++0x";
				CLANG_CXX_LIBRARY = "libc++";
				CLANG_ENABLE_MODULES = YES;
				CLANG_ENABLE_OBJC_ARC = YES;
				CLANG_WARN_BOOL_CONVERSION = YES;
				CLANG_WARN_CONSTANT_CONVERSION = YES;
				CLANG_WARN_DIRECT_OBJC_ISA_USAGE = YES_ERROR;
				CLANG_WARN_EMPTY_BODY = YES;
				CLANG_WARN_ENUM_CONVERSION = YES;
				CLANG_WARN_INT_CONVERSION = YES;
				CLANG_WARN_OBJC_ROOT_CLASS = YES_ERROR;
				CLANG_WARN_UNREACHABLE_CODE = YES;
				CLANG_WARN__DUPLICATE_METHOD_MATCH = YES;
				"CODE_SIGN_IDENTITY[sdk=iphoneos*]" = "iPhone Developer";
				COPY_PHASE_STRIP = NO;
				ENABLE_STRICT_OBJC_MSGSEND = YES;
				GCC_C_LANGUAGE_STANDARD = gnu99;
				GCC_DYNAMIC_NO_PIC = NO;
				GCC_OPTIMIZATION_LEVEL = 0;
				GCC_PREPROCESSOR_DEFINITIONS = (
					"DEBUG=1",
					"$(inherited)",
				);
				GCC_SYMBOLS_PRIVATE_EXTERN = NO;
				GCC_WARN_64_TO_32_BIT_CONVERSION = YES;
				GCC_WARN_ABOUT_RETURN_TYPE = YES_ERROR;
				GCC_WARN_UNDECLARED_SELECTOR = YES;
				GCC_WARN_UNINITIALIZED_AUTOS = YES_AGGRESSIVE;
				GCC_WARN_UNUSED_FUNCTION = YES;
				GCC_WARN_UNUSED_VARIABLE = YES;
				IPHONEOS_DEPLOYMENT_TARGET = 8.1;
				MTL_ENABLE_DEBUG_INFO = YES;
				ONLY_ACTIVE_ARCH = YES;
				SDKROOT = iphoneos;
				SWIFT_OPTIMIZATION_LEVEL = "-Onone";
				TARGETED_DEVICE_FAMILY = "1,2";
			};
			name = Debug;
		};
		F9F13D131A82F767001EF80D /* Release */ = {
			isa = XCBuildConfiguration;
			buildSettings = {
				ALWAYS_SEARCH_USER_PATHS = NO;
				CLANG_CXX_LANGUAGE_STANDARD = "gnu++0x";
				CLANG_CXX_LIBRARY = "libc++";
				CLANG_ENABLE_MODULES = YES;
				CLANG_ENABLE_OBJC_ARC = YES;
				CLANG_WARN_BOOL_CONVERSION = YES;
				CLANG_WARN_CONSTANT_CONVERSION = YES;
				CLANG_WARN_DIRECT_OBJC_ISA_USAGE = YES_ERROR;
				CLANG_WARN_EMPTY_BODY = YES;
				CLANG_WARN_ENUM_CONVERSION = YES;
				CLANG_WARN_INT_CONVERSION = YES;
				CLANG_WARN_OBJC_ROOT_CLASS = YES_ERROR;
				CLANG_WARN_UNREACHABLE_CODE = YES;
				CLANG_WARN__DUPLICATE_METHOD_MATCH = YES;
				"CODE_SIGN_IDENTITY[sdk=iphoneos*]" = "iPhone Developer";
				COPY_PHASE_STRIP = YES;
				ENABLE_NS_ASSERTIONS = NO;
				ENABLE_STRICT_OBJC_MSGSEND = YES;
				GCC_C_LANGUAGE_STANDARD = gnu99;
				GCC_WARN_64_TO_32_BIT_CONVERSION = YES;
				GCC_WARN_ABOUT_RETURN_TYPE = YES_ERROR;
				GCC_WARN_UNDECLARED_SELECTOR = YES;
				GCC_WARN_UNINITIALIZED_AUTOS = YES_AGGRESSIVE;
				GCC_WARN_UNUSED_FUNCTION = YES;
				GCC_WARN_UNUSED_VARIABLE = YES;
				IPHONEOS_DEPLOYMENT_TARGET = 8.1;
				MTL_ENABLE_DEBUG_INFO = NO;
				SDKROOT = iphoneos;
				TARGETED_DEVICE_FAMILY = "1,2";
				VALIDATE_PRODUCT = YES;
			};
			name = Release;
		};
		F9F13D151A82F767001EF80D /* Debug */ = {
			isa = XCBuildConfiguration;
			buildSettings = {
				ASSETCATALOG_COMPILER_APPICON_NAME = AppIcon;
				CODE_SIGN_IDENTITY = "iPhone Developer";
				INFOPLIST_FILE = macguffin/Info.plist;
				IPHONEOS_DEPLOYMENT_TARGET = 8.1;
				LD_RUNPATH_SEARCH_PATHS = "$(inherited) @executable_path/Frameworks";
				PRODUCT_NAME = "$(TARGET_NAME)";
				TARGETED_DEVICE_FAMILY = "1,2";
			};
			name = Debug;
		};
		F9F13D161A82F767001EF80D /* Release */ = {
			isa = XCBuildConfiguration;
			buildSettings = {
				ASSETCATALOG_COMPILER_APPICON_NAME = AppIcon;
				CODE_SIGN_IDENTITY = "iPhone Developer";
				INFOPLIST_FILE = macguffin/Info.plist;
				IPHONEOS_DEPLOYMENT_TARGET = 8.1;
				LD_RUNPATH_SEARCH_PATHS = "$(inherited) @executable_path/Frameworks";
				PRODUCT_NAME = "$(TARGET_NAME)";
				TARGETED_DEVICE_FAMILY = "1,2";
			};
			name = Release;
		};
		F9F13D181A82F767001EF80D /* Debug */ = {
			isa = XCBuildConfiguration;
			buildSettings = {
				BUNDLE_LOADER = "$(TEST_HOST)";
				FRAMEWORK_SEARCH_PATHS = (
					"$(SDKROOT)/Developer/Library/Frameworks",
					"$(inherited)",
				);
				GCC_PREPROCESSOR_DEFINITIONS = (
					"DEBUG=1",
					"$(inherited)",
				);
				INFOPLIST_FILE = macguffinTests/Info.plist;
				LD_RUNPATH_SEARCH_PATHS = "$(inherited) @executable_path/Frameworks @loader_path/Frameworks";
				PRODUCT_NAME = "$(TARGET_NAME)";
				TEST_HOST = "$(BUILT_PRODUCTS_DIR)/macguffin.app/macguffin";
			};
			name = Debug;
		};
		F9F13D191A82F767001EF80D /* Release */ = {
			isa = XCBuildConfiguration;
			buildSettings = {
				BUNDLE_LOADER = "$(TEST_HOST)";
				FRAMEWORK_SEARCH_PATHS = (
					"$(SDKROOT)/Developer/Library/Frameworks",
					"$(inherited)",
				);
				INFOPLIST_FILE = macguffinTests/Info.plist;
				LD_RUNPATH_SEARCH_PATHS = "$(inherited) @executable_path/Frameworks @loader_path/Frameworks";
				PRODUCT_NAME = "$(TARGET_NAME)";
				TEST_HOST = "$(BUILT_PRODUCTS_DIR)/macguffin.app/macguffin";
			};
			name = Release;
		};
/* End XCBuildConfiguration section */

/* Begin XCConfigurationList section */
		F9F13CEC1A82F766001EF80D /* Build configuration list for PBXProject "macguffin" */ = {
			isa = XCConfigurationList;
			buildConfigurations = (
				F9F13D121A82F767001EF80D /* Debug */,
				F9F13D131A82F767001EF80D /* Release */,
			);
			defaultConfigurationIsVisible = 0;
			defaultConfigurationName = Release;
		};
		F9F13D141A82F767001EF80D /* Build configuration list for PBXNativeTarget "macguffin" */ = {
			isa = XCConfigurationList;
			buildConfigurations = (
				F9F13D151A82F767001EF80D /* Debug */,
				F9F13D161A82F767001EF80D /* Release */,
			);
			defaultConfigurationIsVisible = 0;
		};
		F9F13D171A82F767001EF80D /* Build configuration list for PBXNativeTarget "macguffinTests" */ = {
			isa = XCConfigurationList;
			buildConfigurations = (
				F9F13D181A82F767001EF80D /* Debug */,
				F9F13D191A82F767001EF80D /* Release */,
			);
			defaultConfigurationIsVisible = 0;
		};
/* End XCConfigurationList section */
	};
	rootObject = F9F13CE91A82F766001EF80D /* Project object */;
}
